
Microsoft Visual Studio Solution File, Format Version 12.00
# Visual Studio Version 16
VisualStudioVersion = 16.0.810.22
MinimumVisualStudioVersion = 10.0.40219.1
Project("{FAE04EC0-301F-11D3-BF4B-00C04F79EFBC}") = "InputMvvm.Android", "InputMvvm.Android\InputMvvm.Android.csproj", "{D867382D-C067-4D0A-99DC-12F6BCE927F8}"
EndProject
Project("{FAE04EC0-301F-11D3-BF4B-00C04F79EFBC}") = "InputMvvm.iOS", "InputMvvm.iOS\InputMvvm.iOS.csproj", "{A7941A91-6E3C-46CE-BB35-14E964151F26}"
EndProject
Project("{FAE04EC0-301F-11D3-BF4B-00C04F79EFBC}") = "InputMvvm", "InputMvvm\InputMvvm.csproj", "{50CE10A0-0C9B-48B9-8ADC-D53AD39B9932}"
EndProject
Global
	GlobalSection(SolutionConfigurationPlatforms) = preSolution
		Debug|Any CPU = Debug|Any CPU
		Release|Any CPU = Release|Any CPU
		Debug|iPhoneSimulator = Debug|iPhoneSimulator
		Release|iPhoneSimulator = Release|iPhoneSimulator
		Debug|iPhone = Debug|iPhone
		Release|iPhone = Release|iPhone
	EndGlobalSection
	GlobalSection(ProjectConfigurationPlatforms) = postSolution
		{D867382D-C067-4D0A-99DC-12F6BCE927F8}.Debug|Any CPU.ActiveCfg = Debug|Any CPU
		{D867382D-C067-4D0A-99DC-12F6BCE927F8}.Debug|Any CPU.Build.0 = Debug|Any CPU
		{D867382D-C067-4D0A-99DC-12F6BCE927F8}.Release|Any CPU.ActiveCfg = Release|Any CPU
		{D867382D-C067-4D0A-99DC-12F6BCE927F8}.Release|Any CPU.Build.0 = Release|Any CPU
		{D867382D-C067-4D0A-99DC-12F6BCE927F8}.Debug|iPhoneSimulator.ActiveCfg = Debug|Any CPU
		{D867382D-C067-4D0A-99DC-12F6BCE927F8}.Debug|iPhoneSimulator.Build.0 = Debug|Any CPU
		{D867382D-C067-4D0A-99DC-12F6BCE927F8}.Release|iPhoneSimulator.ActiveCfg = Release|Any CPU
		{D867382D-C067-4D0A-99DC-12F6BCE927F8}.Release|iPhoneSimulator.Build.0 = Release|Any CPU
		{D867382D-C067-4D0A-99DC-12F6BCE927F8}.Debug|iPhone.ActiveCfg = Debug|Any CPU
		{D867382D-C067-4D0A-99DC-12F6BCE927F8}.Debug|iPhone.Build.0 = Debug|Any CPU
		{D867382D-C067-4D0A-99DC-12F6BCE927F8}.Release|iPhone.ActiveCfg = Release|Any CPU
		{D867382D-C067-4D0A-99DC-12F6BCE927F8}.Release|iPhone.Build.0 = Release|Any CPU
		{A7941A91-6E3C-46CE-BB35-14E964151F26}.Debug|Any CPU.ActiveCfg = Debug|iPhoneSimulator
		{A7941A91-6E3C-46CE-BB35-14E964151F26}.Debug|Any CPU.Build.0 = Debug|iPhoneSimulator
		{A7941A91-6E3C-46CE-BB35-14E964151F26}.Release|Any CPU.ActiveCfg = Release|iPhoneSimulator
		{A7941A91-6E3C-46CE-BB35-14E964151F26}.Release|Any CPU.Build.0 = Release|iPhoneSimulator
		{A7941A91-6E3C-46CE-BB35-14E964151F26}.Debug|iPhoneSimulator.ActiveCfg = Debug|iPhoneSimulator
		{A7941A91-6E3C-46CE-BB35-14E964151F26}.Debug|iPhoneSimulator.Build.0 = Debug|iPhoneSimulator
		{A7941A91-6E3C-46CE-BB35-14E964151F26}.Release|iPhoneSimulator.ActiveCfg = Release|iPhoneSimulator
		{A7941A91-6E3C-46CE-BB35-14E964151F26}.Release|iPhoneSimulator.Build.0 = Release|iPhoneSimulator
		{A7941A91-6E3C-46CE-BB35-14E964151F26}.Debug|iPhone.ActiveCfg = Debug|iPhone
		{A7941A91-6E3C-46CE-BB35-14E964151F26}.Debug|iPhone.Build.0 = Debug|iPhone
		{A7941A91-6E3C-46CE-BB35-14E964151F26}.Release|iPhone.ActiveCfg = Release|iPhone
		{A7941A91-6E3C-46CE-BB35-14E964151F26}.Release|iPhone.Build.0 = Release|iPhone
		{50CE10A0-0C9B-48B9-8ADC-D53AD39B9932}.Debug|Any CPU.ActiveCfg = Debug|Any CPU
		{50CE10A0-0C9B-48B9-8ADC-D53AD39B9932}.Debug|Any CPU.Build.0 = Debug|Any CPU
		{50CE10A0-0C9B-48B9-8ADC-D53AD39B9932}.Release|Any CPU.ActiveCfg = Release|Any CPU
		{50CE10A0-0C9B-48B9-8ADC-D53AD39B9932}.Release|Any CPU.Build.0 = Release|Any CPU
		{50CE10A0-0C9B-48B9-8ADC-D53AD39B9932}.Debug|iPhoneSimulator.ActiveCfg = Debug|Any CPU
		{50CE10A0-0C9B-48B9-8ADC-D53AD39B9932}.Debug|iPhoneSimulator.Build.0 = Debug|Any CPU
		{50CE10A0-0C9B-48B9-8ADC-D53AD39B9932}.Release|iPhoneSimulator.ActiveCfg = Release|Any CPU
		{50CE10A0-0C9B-48B9-8ADC-D53AD39B9932}.Release|iPhoneSimulator.Build.0 = Release|Any CPU
		{50CE10A0-0C9B-48B9-8ADC-D53AD39B9932}.Debug|iPhone.ActiveCfg = Debug|Any CPU
		{50CE10A0-0C9B-48B9-8ADC-D53AD39B9932}.Debug|iPhone.Build.0 = Debug|Any CPU
		{50CE10A0-0C9B-48B9-8ADC-D53AD39B9932}.Release|iPhone.ActiveCfg = Release|Any CPU
		{50CE10A0-0C9B-48B9-8ADC-D53AD39B9932}.Release|iPhone.Build.0 = Release|Any CPU
	EndGlobalSection
	GlobalSection(SolutionProperties) = preSolution
		HideSolutionNode = FALSE
	EndGlobalSection
	GlobalSection(ExtensibilityGlobals) = postSolution
		SolutionGuid = {C5BCD91B-67AD-41AF-8D50-C80EBD2CB4D4}
	EndGlobalSection
EndGlobal
